
Microsoft Visual Studio Solution File, Format Version 12.00
Project("{2150E333-8FDC-42A3-9474-1A3956D46DE8}") = "src", "src", "{007F5D1B-0475-46F0-81EB-17D9ACE3A888}"
EndProject
Project("{2150E333-8FDC-42A3-9474-1A3956D46DE8}") = "test", "test", "{06609326-82C3-42E4-B14B-473447D528E4}"
EndProject
Project("{FAE04EC0-301F-11D3-BF4B-00C04F79EFBC}") = "Y22", "src\Y22\Y22.csproj", "{F00CA124-10FF-476B-9F4D-D081BD60B715}"
EndProject
Project("{FAE04EC0-301F-11D3-BF4B-00C04F79EFBC}") = "Y22.Tests", "test\Y22.Tests\Y22.Tests.csproj", "{6D8F5413-208B-4250-9A78-70F920A3531A}"
EndProject
Global
	GlobalSection(SolutionConfigurationPlatforms) = preSolution
		Debug|Any CPU = Debug|Any CPU
		Release|Any CPU = Release|Any CPU
	EndGlobalSection
	GlobalSection(NestedProjects) = preSolution
		{F00CA124-10FF-476B-9F4D-D081BD60B715} = {007F5D1B-0475-46F0-81EB-17D9ACE3A888}
		{6D8F5413-208B-4250-9A78-70F920A3531A} = {06609326-82C3-42E4-B14B-473447D528E4}
	EndGlobalSection
	GlobalSection(ProjectConfigurationPlatforms) = postSolution
		{F00CA124-10FF-476B-9F4D-D081BD60B715}.Debug|Any CPU.ActiveCfg = Debug|Any CPU
		{F00CA124-10FF-476B-9F4D-D081BD60B715}.Debug|Any CPU.Build.0 = Debug|Any CPU
		{F00CA124-10FF-476B-9F4D-D081BD60B715}.Release|Any CPU.ActiveCfg = Release|Any CPU
		{F00CA124-10FF-476B-9F4D-D081BD60B715}.Release|Any CPU.Build.0 = Release|Any CPU
		{6D8F5413-208B-4250-9A78-70F920A3531A}.Debug|Any CPU.ActiveCfg = Debug|Any CPU
		{6D8F5413-208B-4250-9A78-70F920A3531A}.Debug|Any CPU.Build.0 = Debug|Any CPU
		{6D8F5413-208B-4250-9A78-70F920A3531A}.Release|Any CPU.ActiveCfg = Release|Any CPU
		{6D8F5413-208B-4250-9A78-70F920A3531A}.Release|Any CPU.Build.0 = Release|Any CPU
	EndGlobalSection
EndGlobal
